
Microsoft Visual Studio Solution File, Format Version 12.00
# Visual Studio Version 17
VisualStudioVersion = 17.13.35931.197
MinimumVisualStudioVersion = 10.0.40219.1
Project("{FAE04EC0-301F-11D3-BF4B-00C04F79EFBC}") = "MicroTec.Hr.BackendApi", "MicroTec.Hr.BackendApis\MicroTec.Hr.BackendApi.csproj", "{C7F20DF2-9953-4DC0-919E-8D87D9271332}"
EndProject
Project("{FAE04EC0-301F-11D3-BF4B-00C04F79EFBC}") = "MicroTec.Hr.Infrastructure", "..\MicroTec.Hr.Infrastructure\MicroTec.Hr.Infrastructure.csproj", "{28C0B88F-3F3E-4FF6-B27D-028AF558CB1B}"
EndProject
Project("{FAE04EC0-301F-11D3-BF4B-00C04F79EFBC}") = "MicroTec.Hr.Domain", "..\MicroTec.Hr.Domain\MicroTec.Hr.Domain.csproj", "{E53FC1A8-0424-4261-B3F2-2C661F2BE682}"
EndProject
Project("{FAE04EC0-301F-11D3-BF4B-00C04F79EFBC}") = "MicroTec.Hr.Services", "..\MicroTec.Hr.Services\MicroTec.Hr.Services.csproj", "{3BC5DCC2-0A63-4FA7-8B4D-97FF7E749BB9}"
EndProject
Global
	GlobalSection(SolutionConfigurationPlatforms) = preSolution
		Debug|Any CPU = Debug|Any CPU
		Release|Any CPU = Release|Any CPU
	EndGlobalSection
	GlobalSection(ProjectConfigurationPlatforms) = postSolution
		{C7F20DF2-9953-4DC0-919E-8D87D9271332}.Debug|Any CPU.ActiveCfg = Debug|Any CPU
		{C7F20DF2-9953-4DC0-919E-8D87D9271332}.Debug|Any CPU.Build.0 = Debug|Any CPU
		{C7F20DF2-9953-4DC0-919E-8D87D9271332}.Release|Any CPU.ActiveCfg = Release|Any CPU
		{C7F20DF2-9953-4DC0-919E-8D87D9271332}.Release|Any CPU.Build.0 = Release|Any CPU
		{28C0B88F-3F3E-4FF6-B27D-028AF558CB1B}.Debug|Any CPU.ActiveCfg = Debug|Any CPU
		{28C0B88F-3F3E-4FF6-B27D-028AF558CB1B}.Debug|Any CPU.Build.0 = Debug|Any CPU
		{28C0B88F-3F3E-4FF6-B27D-028AF558CB1B}.Release|Any CPU.ActiveCfg = Release|Any CPU
		{28C0B88F-3F3E-4FF6-B27D-028AF558CB1B}.Release|Any CPU.Build.0 = Release|Any CPU
		{E53FC1A8-0424-4261-B3F2-2C661F2BE682}.Debug|Any CPU.ActiveCfg = Debug|Any CPU
		{E53FC1A8-0424-4261-B3F2-2C661F2BE682}.Debug|Any CPU.Build.0 = Debug|Any CPU
		{E53FC1A8-0424-4261-B3F2-2C661F2BE682}.Release|Any CPU.ActiveCfg = Release|Any CPU
		{E53FC1A8-0424-4261-B3F2-2C661F2BE682}.Release|Any CPU.Build.0 = Release|Any CPU
		{3BC5DCC2-0A63-4FA7-8B4D-97FF7E749BB9}.Debug|Any CPU.ActiveCfg = Debug|Any CPU
		{3BC5DCC2-0A63-4FA7-8B4D-97FF7E749BB9}.Debug|Any CPU.Build.0 = Debug|Any CPU
		{3BC5DCC2-0A63-4FA7-8B4D-97FF7E749BB9}.Release|Any CPU.ActiveCfg = Release|Any CPU
		{3BC5DCC2-0A63-4FA7-8B4D-97FF7E749BB9}.Release|Any CPU.Build.0 = Release|Any CPU
	EndGlobalSection
	GlobalSection(SolutionProperties) = preSolution
		HideSolutionNode = FALSE
	EndGlobalSection
	GlobalSection(ExtensibilityGlobals) = postSolution
		SolutionGuid = {10C095B0-2774-4BEA-AE5E-4631AD24AF91}
	EndGlobalSection
EndGlobal
